
Microsoft Visual Studio Solution File, Format Version 12.00
# Visual Studio Version 16
VisualStudioVersion = 16.0.32802.440
MinimumVisualStudioVersion = 10.0.40219.1
Project("{FAE04EC0-301F-11D3-BF4B-00C04F79EFBC}") = "AdminDLL", "AdminDLL\AdminDLL.csproj", "{7A54DE6D-4770-4821-AE68-0B16703E42E8}"
EndProject
Project("{FAE04EC0-301F-11D3-BF4B-00C04F79EFBC}") = "Food_Order", "Food_Order\Food_Order.csproj", "{1B2631B6-7925-4032-8DBB-814C3AE3B131}"
EndProject
Global
	GlobalSection(SolutionConfigurationPlatforms) = preSolution
		Debug|Any CPU = Debug|Any CPU
		Release|Any CPU = Release|Any CPU
	EndGlobalSection
	GlobalSection(ProjectConfigurationPlatforms) = postSolution
		{7A54DE6D-4770-4821-AE68-0B16703E42E8}.Debug|Any CPU.ActiveCfg = Debug|Any CPU
		{7A54DE6D-4770-4821-AE68-0B16703E42E8}.Debug|Any CPU.Build.0 = Debug|Any CPU
		{7A54DE6D-4770-4821-AE68-0B16703E42E8}.Release|Any CPU.ActiveCfg = Release|Any CPU
		{7A54DE6D-4770-4821-AE68-0B16703E42E8}.Release|Any CPU.Build.0 = Release|Any CPU
		{1B2631B6-7925-4032-8DBB-814C3AE3B131}.Debug|Any CPU.ActiveCfg = Debug|Any CPU
		{1B2631B6-7925-4032-8DBB-814C3AE3B131}.Debug|Any CPU.Build.0 = Debug|Any CPU
		{1B2631B6-7925-4032-8DBB-814C3AE3B131}.Release|Any CPU.ActiveCfg = Release|Any CPU
		{1B2631B6-7925-4032-8DBB-814C3AE3B131}.Release|Any CPU.Build.0 = Release|Any CPU
	EndGlobalSection
	GlobalSection(SolutionProperties) = preSolution
		HideSolutionNode = FALSE
	EndGlobalSection
	GlobalSection(ExtensibilityGlobals) = postSolution
		SolutionGuid = {64958C40-79CA-48F9-BD55-8ABD8F8BF1EC}
	EndGlobalSection
EndGlobal
