
Microsoft Visual Studio Solution File, Format Version 12.00
# Visual Studio Version 16
VisualStudioVersion = 16.0.32802.440
MinimumVisualStudioVersion = 10.0.40219.1
Project("{FAE04EC0-301F-11D3-BF4B-00C04F79EFBC}") = "UserLoginSignup", "UserLoginSignup\UserLoginSignup.csproj", "{10039E85-3142-4F33-9D9F-7295D9B212A1}"
EndProject
Global
	GlobalSection(SolutionConfigurationPlatforms) = preSolution
		Debug|Any CPU = Debug|Any CPU
		Release|Any CPU = Release|Any CPU
	EndGlobalSection
	GlobalSection(ProjectConfigurationPlatforms) = postSolution
		{10039E85-3142-4F33-9D9F-7295D9B212A1}.Debug|Any CPU.ActiveCfg = Debug|Any CPU
		{10039E85-3142-4F33-9D9F-7295D9B212A1}.Debug|Any CPU.Build.0 = Debug|Any CPU
		{10039E85-3142-4F33-9D9F-7295D9B212A1}.Release|Any CPU.ActiveCfg = Release|Any CPU
		{10039E85-3142-4F33-9D9F-7295D9B212A1}.Release|Any CPU.Build.0 = Release|Any CPU
	EndGlobalSection
	GlobalSection(SolutionProperties) = preSolution
		HideSolutionNode = FALSE
	EndGlobalSection
	GlobalSection(ExtensibilityGlobals) = postSolution
		SolutionGuid = {37A4A06E-A497-4F08-83EE-46F94FE365E2}
	EndGlobalSection
EndGlobal
